
Microsoft Visual Studio Solution File, Format Version 12.00
# Visual Studio Version 17
VisualStudioVersion = 17.4.33103.184
MinimumVisualStudioVersion = 10.0.40219.1
Project("{FAE04EC0-301F-11D3-BF4B-00C04F79EFBC}") = "ConsoleApp1", "ConsoleApp1\ConsoleApp1.csproj", "{1985F26F-E496-406F-B075-F843A2D23AED}"
EndProject
Global
	GlobalSection(SolutionConfigurationPlatforms) = preSolution
		Debug|Any CPU = Debug|Any CPU
		Release|Any CPU = Release|Any CPU
	EndGlobalSection
	GlobalSection(ProjectConfigurationPlatforms) = postSolution
		{1985F26F-E496-406F-B075-F843A2D23AED}.Debug|Any CPU.ActiveCfg = Debug|Any CPU
		{1985F26F-E496-406F-B075-F843A2D23AED}.Debug|Any CPU.Build.0 = Debug|Any CPU
		{1985F26F-E496-406F-B075-F843A2D23AED}.Release|Any CPU.ActiveCfg = Release|Any CPU
		{1985F26F-E496-406F-B075-F843A2D23AED}.Release|Any CPU.Build.0 = Release|Any CPU
	EndGlobalSection
	GlobalSection(SolutionProperties) = preSolution
		HideSolutionNode = FALSE
	EndGlobalSection
	GlobalSection(ExtensibilityGlobals) = postSolution
		SolutionGuid = {BC1235CE-ACB1-476F-A62C-177A465A59AD}
	EndGlobalSection
EndGlobal
